
Microsoft Visual Studio Solution File, Format Version 12.00
# Visual Studio Version 17
VisualStudioVersion = 17.6.33829.357
MinimumVisualStudioVersion = 10.0.40219.1
Project("{FAE04EC0-301F-11D3-BF4B-00C04F79EFBC}") = "BUS TİCKET SYSTEM", "BUS TİCKET SYSTEM\BUS TİCKET SYSTEM.csproj", "{774F9151-3E04-4EE0-886F-A5CD358E8574}"
EndProject
Global
	GlobalSection(SolutionConfigurationPlatforms) = preSolution
		Debug|Any CPU = Debug|Any CPU
		Release|Any CPU = Release|Any CPU
	EndGlobalSection
	GlobalSection(ProjectConfigurationPlatforms) = postSolution
		{774F9151-3E04-4EE0-886F-A5CD358E8574}.Debug|Any CPU.ActiveCfg = Debug|Any CPU
		{774F9151-3E04-4EE0-886F-A5CD358E8574}.Debug|Any CPU.Build.0 = Debug|Any CPU
		{774F9151-3E04-4EE0-886F-A5CD358E8574}.Release|Any CPU.ActiveCfg = Release|Any CPU
		{774F9151-3E04-4EE0-886F-A5CD358E8574}.Release|Any CPU.Build.0 = Release|Any CPU
	EndGlobalSection
	GlobalSection(SolutionProperties) = preSolution
		HideSolutionNode = FALSE
	EndGlobalSection
	GlobalSection(ExtensibilityGlobals) = postSolution
		SolutionGuid = {7AACF8A8-CE73-4CB2-A351-10051CCF41DD}
	EndGlobalSection
EndGlobal
